
Microsoft Visual Studio Solution File, Format Version 12.00
# Visual Studio Version 17
VisualStudioVersion = 17.9.34728.123
MinimumVisualStudioVersion = 10.0.40219.1
Project("{FAE04EC0-301F-11D3-BF4B-00C04F79EFBC}") = "Biblioteca", "Biblioteca\Biblioteca.csproj", "{4AC254FB-B5C1-4A7F-A542-8DF49B72C2F0}"
EndProject
Global
	GlobalSection(SolutionConfigurationPlatforms) = preSolution
		Debug|Any CPU = Debug|Any CPU
		Release|Any CPU = Release|Any CPU
	EndGlobalSection
	GlobalSection(ProjectConfigurationPlatforms) = postSolution
		{4AC254FB-B5C1-4A7F-A542-8DF49B72C2F0}.Debug|Any CPU.ActiveCfg = Debug|Any CPU
		{4AC254FB-B5C1-4A7F-A542-8DF49B72C2F0}.Debug|Any CPU.Build.0 = Debug|Any CPU
		{4AC254FB-B5C1-4A7F-A542-8DF49B72C2F0}.Release|Any CPU.ActiveCfg = Release|Any CPU
		{4AC254FB-B5C1-4A7F-A542-8DF49B72C2F0}.Release|Any CPU.Build.0 = Release|Any CPU
	EndGlobalSection
	GlobalSection(SolutionProperties) = preSolution
		HideSolutionNode = FALSE
	EndGlobalSection
	GlobalSection(ExtensibilityGlobals) = postSolution
		SolutionGuid = {930CB87C-771C-47C0-BFE9-D3E3987AA98D}
	EndGlobalSection
EndGlobal
